{
  "name": "codekit-project",
  "version": "1.0.0",
  "lockfileVersion": 1,
  "requires": true,
  "dependencies": {
    "infieldLabel": {
      "version": "1.1.0",
      "resolved": "https://registry.npmjs.org/infieldLabel/-/infieldLabel-1.1.0.tgz",
      "integrity": "sha1-VNPuKIfb5C/G1PHCSJTmjgFSDXw="
    }
  }
}
